
Microsoft Visual Studio Solution File, Format Version 12.00
# Visual Studio 15
VisualStudioVersion = 15.0.28307.1022
MinimumVisualStudioVersion = 10.0.40219.1
Project("{FAE04EC0-301F-11D3-BF4B-00C04F79EFBC}") = "WindowsTradeApp", "WindowsTradeApp\WindowsTradeApp.csproj", "{04FC87E6-344B-40AF-9493-F29116893570}"
EndProject
Global
	GlobalSection(SolutionConfigurationPlatforms) = preSolution
		Debug|Any CPU = Debug|Any CPU
		Release|Any CPU = Release|Any CPU
	EndGlobalSection
	GlobalSection(ProjectConfigurationPlatforms) = postSolution
		{04FC87E6-344B-40AF-9493-F29116893570}.Debug|Any CPU.ActiveCfg = Debug|Any CPU
		{04FC87E6-344B-40AF-9493-F29116893570}.Debug|Any CPU.Build.0 = Debug|Any CPU
		{04FC87E6-344B-40AF-9493-F29116893570}.Release|Any CPU.ActiveCfg = Release|Any CPU
		{04FC87E6-344B-40AF-9493-F29116893570}.Release|Any CPU.Build.0 = Release|Any CPU
	EndGlobalSection
	GlobalSection(SolutionProperties) = preSolution
		HideSolutionNode = FALSE
	EndGlobalSection
	GlobalSection(ExtensibilityGlobals) = postSolution
		SolutionGuid = {D32162C8-7702-4E15-A2A0-5263440F42DC}
	EndGlobalSection
EndGlobal
